
Microsoft Visual Studio Solution File, Format Version 12.00
# Visual Studio 15
VisualStudioVersion = 15.0.28307.572
MinimumVisualStudioVersion = 10.0.40219.1
Project("{FAE04EC0-301F-11D3-BF4B-00C04F79EFBC}") = "SpatialTreesTests", "SpatialTreesTests\SpatialTreesTests.csproj", "{D6F64994-E616-4B98-9E0F-F7F4476090DF}"
EndProject
Project("{FAE04EC0-301F-11D3-BF4B-00C04F79EFBC}") = "Geometry", "..\Geometry\Geometry\Geometry.csproj", "{A9AA7B19-14E9-46C6-A3EC-F622A793F96B}"
EndProject
Project("{FAE04EC0-301F-11D3-BF4B-00C04F79EFBC}") = "SpatialTrees", "SpatialTrees\SpatialTrees.csproj", "{2677957C-0E8C-41D2-BB1F-FD5A05482944}"
EndProject
Global
	GlobalSection(SolutionConfigurationPlatforms) = preSolution
		Debug|.NET = Debug|.NET
		Debug|Any CPU = Debug|Any CPU
		Debug|Mixed Platforms = Debug|Mixed Platforms
		Debug|x86 = Debug|x86
		DebugSnk|.NET = DebugSnk|.NET
		DebugSnk|Any CPU = DebugSnk|Any CPU
		DebugSnk|Mixed Platforms = DebugSnk|Mixed Platforms
		DebugSnk|x86 = DebugSnk|x86
		Release|.NET = Release|.NET
		Release|Any CPU = Release|Any CPU
		Release|Mixed Platforms = Release|Mixed Platforms
		Release|x86 = Release|x86
		ReleaseSnk|.NET = ReleaseSnk|.NET
		ReleaseSnk|Any CPU = ReleaseSnk|Any CPU
		ReleaseSnk|Mixed Platforms = ReleaseSnk|Mixed Platforms
		ReleaseSnk|x86 = ReleaseSnk|x86
	EndGlobalSection
	GlobalSection(ProjectConfigurationPlatforms) = postSolution
		{D6F64994-E616-4B98-9E0F-F7F4476090DF}.Debug|.NET.ActiveCfg = Debug|Any CPU
		{D6F64994-E616-4B98-9E0F-F7F4476090DF}.Debug|.NET.Build.0 = Debug|Any CPU
		{D6F64994-E616-4B98-9E0F-F7F4476090DF}.Debug|Any CPU.ActiveCfg = Debug|Any CPU
		{D6F64994-E616-4B98-9E0F-F7F4476090DF}.Debug|Any CPU.Build.0 = Debug|Any CPU
		{D6F64994-E616-4B98-9E0F-F7F4476090DF}.Debug|Mixed Platforms.ActiveCfg = Debug|Any CPU
		{D6F64994-E616-4B98-9E0F-F7F4476090DF}.Debug|Mixed Platforms.Build.0 = Debug|Any CPU
		{D6F64994-E616-4B98-9E0F-F7F4476090DF}.Debug|x86.ActiveCfg = Debug|Any CPU
		{D6F64994-E616-4B98-9E0F-F7F4476090DF}.Debug|x86.Build.0 = Debug|Any CPU
		{D6F64994-E616-4B98-9E0F-F7F4476090DF}.DebugSnk|.NET.ActiveCfg = Debug|Any CPU
		{D6F64994-E616-4B98-9E0F-F7F4476090DF}.DebugSnk|.NET.Build.0 = Debug|Any CPU
		{D6F64994-E616-4B98-9E0F-F7F4476090DF}.DebugSnk|Any CPU.ActiveCfg = Debug|Any CPU
		{D6F64994-E616-4B98-9E0F-F7F4476090DF}.DebugSnk|Any CPU.Build.0 = Debug|Any CPU
		{D6F64994-E616-4B98-9E0F-F7F4476090DF}.DebugSnk|Mixed Platforms.ActiveCfg = Debug|Any CPU
		{D6F64994-E616-4B98-9E0F-F7F4476090DF}.DebugSnk|Mixed Platforms.Build.0 = Debug|Any CPU
		{D6F64994-E616-4B98-9E0F-F7F4476090DF}.DebugSnk|x86.ActiveCfg = Debug|Any CPU
		{D6F64994-E616-4B98-9E0F-F7F4476090DF}.DebugSnk|x86.Build.0 = Debug|Any CPU
		{D6F64994-E616-4B98-9E0F-F7F4476090DF}.Release|.NET.ActiveCfg = Release|Any CPU
		{D6F64994-E616-4B98-9E0F-F7F4476090DF}.Release|.NET.Build.0 = Release|Any CPU
		{D6F64994-E616-4B98-9E0F-F7F4476090DF}.Release|Any CPU.ActiveCfg = Release|Any CPU
		{D6F64994-E616-4B98-9E0F-F7F4476090DF}.Release|Any CPU.Build.0 = Release|Any CPU
		{D6F64994-E616-4B98-9E0F-F7F4476090DF}.Release|Mixed Platforms.ActiveCfg = Release|Any CPU
		{D6F64994-E616-4B98-9E0F-F7F4476090DF}.Release|Mixed Platforms.Build.0 = Release|Any CPU
		{D6F64994-E616-4B98-9E0F-F7F4476090DF}.Release|x86.ActiveCfg = Release|Any CPU
		{D6F64994-E616-4B98-9E0F-F7F4476090DF}.Release|x86.Build.0 = Release|Any CPU
		{D6F64994-E616-4B98-9E0F-F7F4476090DF}.ReleaseSnk|.NET.ActiveCfg = Release|Any CPU
		{D6F64994-E616-4B98-9E0F-F7F4476090DF}.ReleaseSnk|.NET.Build.0 = Release|Any CPU
		{D6F64994-E616-4B98-9E0F-F7F4476090DF}.ReleaseSnk|Any CPU.ActiveCfg = Release|Any CPU
		{D6F64994-E616-4B98-9E0F-F7F4476090DF}.ReleaseSnk|Any CPU.Build.0 = Release|Any CPU
		{D6F64994-E616-4B98-9E0F-F7F4476090DF}.ReleaseSnk|Mixed Platforms.ActiveCfg = Release|Any CPU
		{D6F64994-E616-4B98-9E0F-F7F4476090DF}.ReleaseSnk|Mixed Platforms.Build.0 = Release|Any CPU
		{D6F64994-E616-4B98-9E0F-F7F4476090DF}.ReleaseSnk|x86.ActiveCfg = Release|Any CPU
		{D6F64994-E616-4B98-9E0F-F7F4476090DF}.ReleaseSnk|x86.Build.0 = Release|Any CPU
		{A9AA7B19-14E9-46C6-A3EC-F622A793F96B}.Debug|.NET.ActiveCfg = Debug|Any CPU
		{A9AA7B19-14E9-46C6-A3EC-F622A793F96B}.Debug|.NET.Build.0 = Debug|Any CPU
		{A9AA7B19-14E9-46C6-A3EC-F622A793F96B}.Debug|Any CPU.ActiveCfg = Debug|Any CPU
		{A9AA7B19-14E9-46C6-A3EC-F622A793F96B}.Debug|Any CPU.Build.0 = Debug|Any CPU
		{A9AA7B19-14E9-46C6-A3EC-F622A793F96B}.Debug|Mixed Platforms.ActiveCfg = Debug|Any CPU
		{A9AA7B19-14E9-46C6-A3EC-F622A793F96B}.Debug|Mixed Platforms.Build.0 = Debug|Any CPU
		{A9AA7B19-14E9-46C6-A3EC-F622A793F96B}.Debug|x86.ActiveCfg = Debug|Any CPU
		{A9AA7B19-14E9-46C6-A3EC-F622A793F96B}.Debug|x86.Build.0 = Debug|Any CPU
		{A9AA7B19-14E9-46C6-A3EC-F622A793F96B}.DebugSnk|.NET.ActiveCfg = Debug|Any CPU
		{A9AA7B19-14E9-46C6-A3EC-F622A793F96B}.DebugSnk|.NET.Build.0 = Debug|Any CPU
		{A9AA7B19-14E9-46C6-A3EC-F622A793F96B}.DebugSnk|Any CPU.ActiveCfg = Debug|Any CPU
		{A9AA7B19-14E9-46C6-A3EC-F622A793F96B}.DebugSnk|Any CPU.Build.0 = Debug|Any CPU
		{A9AA7B19-14E9-46C6-A3EC-F622A793F96B}.DebugSnk|Mixed Platforms.ActiveCfg = Debug|Any CPU
		{A9AA7B19-14E9-46C6-A3EC-F622A793F96B}.DebugSnk|Mixed Platforms.Build.0 = Debug|Any CPU
		{A9AA7B19-14E9-46C6-A3EC-F622A793F96B}.DebugSnk|x86.ActiveCfg = Debug|Any CPU
		{A9AA7B19-14E9-46C6-A3EC-F622A793F96B}.DebugSnk|x86.Build.0 = Debug|Any CPU
		{A9AA7B19-14E9-46C6-A3EC-F622A793F96B}.Release|.NET.ActiveCfg = Release|Any CPU
		{A9AA7B19-14E9-46C6-A3EC-F622A793F96B}.Release|.NET.Build.0 = Release|Any CPU
		{A9AA7B19-14E9-46C6-A3EC-F622A793F96B}.Release|Any CPU.ActiveCfg = Release|Any CPU
		{A9AA7B19-14E9-46C6-A3EC-F622A793F96B}.Release|Any CPU.Build.0 = Release|Any CPU
		{A9AA7B19-14E9-46C6-A3EC-F622A793F96B}.Release|Mixed Platforms.ActiveCfg = Release|Any CPU
		{A9AA7B19-14E9-46C6-A3EC-F622A793F96B}.Release|Mixed Platforms.Build.0 = Release|Any CPU
		{A9AA7B19-14E9-46C6-A3EC-F622A793F96B}.Release|x86.ActiveCfg = Release|Any CPU
		{A9AA7B19-14E9-46C6-A3EC-F622A793F96B}.Release|x86.Build.0 = Release|Any CPU
		{A9AA7B19-14E9-46C6-A3EC-F622A793F96B}.ReleaseSnk|.NET.ActiveCfg = Release|Any CPU
		{A9AA7B19-14E9-46C6-A3EC-F622A793F96B}.ReleaseSnk|.NET.Build.0 = Release|Any CPU
		{A9AA7B19-14E9-46C6-A3EC-F622A793F96B}.ReleaseSnk|Any CPU.ActiveCfg = Release|Any CPU
		{A9AA7B19-14E9-46C6-A3EC-F622A793F96B}.ReleaseSnk|Any CPU.Build.0 = Release|Any CPU
		{A9AA7B19-14E9-46C6-A3EC-F622A793F96B}.ReleaseSnk|Mixed Platforms.ActiveCfg = Release|Any CPU
		{A9AA7B19-14E9-46C6-A3EC-F622A793F96B}.ReleaseSnk|Mixed Platforms.Build.0 = Release|Any CPU
		{A9AA7B19-14E9-46C6-A3EC-F622A793F96B}.ReleaseSnk|x86.ActiveCfg = Release|Any CPU
		{A9AA7B19-14E9-46C6-A3EC-F622A793F96B}.ReleaseSnk|x86.Build.0 = Release|Any CPU
		{2677957C-0E8C-41D2-BB1F-FD5A05482944}.Debug|.NET.ActiveCfg = Debug|Any CPU
		{2677957C-0E8C-41D2-BB1F-FD5A05482944}.Debug|.NET.Build.0 = Debug|Any CPU
		{2677957C-0E8C-41D2-BB1F-FD5A05482944}.Debug|Any CPU.ActiveCfg = Debug|Any CPU
		{2677957C-0E8C-41D2-BB1F-FD5A05482944}.Debug|Any CPU.Build.0 = Debug|Any CPU
		{2677957C-0E8C-41D2-BB1F-FD5A05482944}.Debug|Mixed Platforms.ActiveCfg = Debug|Any CPU
		{2677957C-0E8C-41D2-BB1F-FD5A05482944}.Debug|Mixed Platforms.Build.0 = Debug|Any CPU
		{2677957C-0E8C-41D2-BB1F-FD5A05482944}.Debug|x86.ActiveCfg = Debug|Any CPU
		{2677957C-0E8C-41D2-BB1F-FD5A05482944}.Debug|x86.Build.0 = Debug|Any CPU
		{2677957C-0E8C-41D2-BB1F-FD5A05482944}.DebugSnk|.NET.ActiveCfg = Debug|Any CPU
		{2677957C-0E8C-41D2-BB1F-FD5A05482944}.DebugSnk|.NET.Build.0 = Debug|Any CPU
		{2677957C-0E8C-41D2-BB1F-FD5A05482944}.DebugSnk|Any CPU.ActiveCfg = Debug|Any CPU
		{2677957C-0E8C-41D2-BB1F-FD5A05482944}.DebugSnk|Any CPU.Build.0 = Debug|Any CPU
		{2677957C-0E8C-41D2-BB1F-FD5A05482944}.DebugSnk|Mixed Platforms.ActiveCfg = Debug|Any CPU
		{2677957C-0E8C-41D2-BB1F-FD5A05482944}.DebugSnk|Mixed Platforms.Build.0 = Debug|Any CPU
		{2677957C-0E8C-41D2-BB1F-FD5A05482944}.DebugSnk|x86.ActiveCfg = Debug|Any CPU
		{2677957C-0E8C-41D2-BB1F-FD5A05482944}.DebugSnk|x86.Build.0 = Debug|Any CPU
		{2677957C-0E8C-41D2-BB1F-FD5A05482944}.Release|.NET.ActiveCfg = Release|Any CPU
		{2677957C-0E8C-41D2-BB1F-FD5A05482944}.Release|.NET.Build.0 = Release|Any CPU
		{2677957C-0E8C-41D2-BB1F-FD5A05482944}.Release|Any CPU.ActiveCfg = Release|Any CPU
		{2677957C-0E8C-41D2-BB1F-FD5A05482944}.Release|Any CPU.Build.0 = Release|Any CPU
		{2677957C-0E8C-41D2-BB1F-FD5A05482944}.Release|Mixed Platforms.ActiveCfg = Release|Any CPU
		{2677957C-0E8C-41D2-BB1F-FD5A05482944}.Release|Mixed Platforms.Build.0 = Release|Any CPU
		{2677957C-0E8C-41D2-BB1F-FD5A05482944}.Release|x86.ActiveCfg = Release|Any CPU
		{2677957C-0E8C-41D2-BB1F-FD5A05482944}.Release|x86.Build.0 = Release|Any CPU
		{2677957C-0E8C-41D2-BB1F-FD5A05482944}.ReleaseSnk|.NET.ActiveCfg = Release|Any CPU
		{2677957C-0E8C-41D2-BB1F-FD5A05482944}.ReleaseSnk|.NET.Build.0 = Release|Any CPU
		{2677957C-0E8C-41D2-BB1F-FD5A05482944}.ReleaseSnk|Any CPU.ActiveCfg = Release|Any CPU
		{2677957C-0E8C-41D2-BB1F-FD5A05482944}.ReleaseSnk|Any CPU.Build.0 = Release|Any CPU
		{2677957C-0E8C-41D2-BB1F-FD5A05482944}.ReleaseSnk|Mixed Platforms.ActiveCfg = Release|Any CPU
		{2677957C-0E8C-41D2-BB1F-FD5A05482944}.ReleaseSnk|Mixed Platforms.Build.0 = Release|Any CPU
		{2677957C-0E8C-41D2-BB1F-FD5A05482944}.ReleaseSnk|x86.ActiveCfg = Release|Any CPU
		{2677957C-0E8C-41D2-BB1F-FD5A05482944}.ReleaseSnk|x86.Build.0 = Release|Any CPU
	EndGlobalSection
	GlobalSection(SolutionProperties) = preSolution
		HideSolutionNode = FALSE
	EndGlobalSection
	GlobalSection(ExtensibilityGlobals) = postSolution
		SolutionGuid = {4DB19A0E-6300-46B2-851A-1FB639ECDD0A}
	EndGlobalSection
EndGlobal
