
Microsoft Visual Studio Solution File, Format Version 12.00
# Visual Studio Version 16
VisualStudioVersion = 16.0.29411.108
MinimumVisualStudioVersion = 10.0.40219.1
Project("{9A19103F-16F7-4668-BE54-9A1E7A4F7556}") = "Geometry", "..\Geometry\Geometry\Geometry.csproj", "{A9AA7B19-14E9-46C6-A3EC-F622A793F96B}"
EndProject
Project("{9A19103F-16F7-4668-BE54-9A1E7A4F7556}") = "SpatialTrees", "SpatialTrees\SpatialTrees.csproj", "{7B91275D-1FAF-45F4-8D48-27A03938DAFE}"
EndProject
Project("{9A19103F-16F7-4668-BE54-9A1E7A4F7556}") = "SpatialTreeTests", "SpatialTreeTests\SpatialTreeTests.csproj", "{7B0AD1AF-DEA9-4770-9170-6CE31D98CFFA}"
EndProject
Project("{9A19103F-16F7-4668-BE54-9A1E7A4F7556}") = "GeometryTests", "..\Geometry\GeometryTests\GeometryTests.csproj", "{67FF7E7F-BC0E-41D3-B1DC-6DF34531415C}"
EndProject
Global
	GlobalSection(SolutionConfigurationPlatforms) = preSolution
		Debug|.NET = Debug|.NET
		Debug|Any CPU = Debug|Any CPU
		Debug|Mixed Platforms = Debug|Mixed Platforms
		Debug|x86 = Debug|x86
		DebugSnk|.NET = DebugSnk|.NET
		DebugSnk|Any CPU = DebugSnk|Any CPU
		DebugSnk|Mixed Platforms = DebugSnk|Mixed Platforms
		DebugSnk|x86 = DebugSnk|x86
		Release|.NET = Release|.NET
		Release|Any CPU = Release|Any CPU
		Release|Mixed Platforms = Release|Mixed Platforms
		Release|x86 = Release|x86
		ReleaseSnk|.NET = ReleaseSnk|.NET
		ReleaseSnk|Any CPU = ReleaseSnk|Any CPU
		ReleaseSnk|Mixed Platforms = ReleaseSnk|Mixed Platforms
		ReleaseSnk|x86 = ReleaseSnk|x86
	EndGlobalSection
	GlobalSection(ProjectConfigurationPlatforms) = postSolution
		{A9AA7B19-14E9-46C6-A3EC-F622A793F96B}.Debug|.NET.ActiveCfg = Debug|Any CPU
		{A9AA7B19-14E9-46C6-A3EC-F622A793F96B}.Debug|.NET.Build.0 = Debug|Any CPU
		{A9AA7B19-14E9-46C6-A3EC-F622A793F96B}.Debug|Any CPU.ActiveCfg = Debug|Any CPU
		{A9AA7B19-14E9-46C6-A3EC-F622A793F96B}.Debug|Any CPU.Build.0 = Debug|Any CPU
		{A9AA7B19-14E9-46C6-A3EC-F622A793F96B}.Debug|Mixed Platforms.ActiveCfg = Debug|Any CPU
		{A9AA7B19-14E9-46C6-A3EC-F622A793F96B}.Debug|Mixed Platforms.Build.0 = Debug|Any CPU
		{A9AA7B19-14E9-46C6-A3EC-F622A793F96B}.Debug|x86.ActiveCfg = Debug|Any CPU
		{A9AA7B19-14E9-46C6-A3EC-F622A793F96B}.Debug|x86.Build.0 = Debug|Any CPU
		{A9AA7B19-14E9-46C6-A3EC-F622A793F96B}.DebugSnk|.NET.ActiveCfg = Debug|Any CPU
		{A9AA7B19-14E9-46C6-A3EC-F622A793F96B}.DebugSnk|.NET.Build.0 = Debug|Any CPU
		{A9AA7B19-14E9-46C6-A3EC-F622A793F96B}.DebugSnk|Any CPU.ActiveCfg = Debug|Any CPU
		{A9AA7B19-14E9-46C6-A3EC-F622A793F96B}.DebugSnk|Any CPU.Build.0 = Debug|Any CPU
		{A9AA7B19-14E9-46C6-A3EC-F622A793F96B}.DebugSnk|Mixed Platforms.ActiveCfg = Debug|Any CPU
		{A9AA7B19-14E9-46C6-A3EC-F622A793F96B}.DebugSnk|Mixed Platforms.Build.0 = Debug|Any CPU
		{A9AA7B19-14E9-46C6-A3EC-F622A793F96B}.DebugSnk|x86.ActiveCfg = Debug|Any CPU
		{A9AA7B19-14E9-46C6-A3EC-F622A793F96B}.DebugSnk|x86.Build.0 = Debug|Any CPU
		{A9AA7B19-14E9-46C6-A3EC-F622A793F96B}.Release|.NET.ActiveCfg = Release|Any CPU
		{A9AA7B19-14E9-46C6-A3EC-F622A793F96B}.Release|.NET.Build.0 = Release|Any CPU
		{A9AA7B19-14E9-46C6-A3EC-F622A793F96B}.Release|Any CPU.ActiveCfg = Release|Any CPU
		{A9AA7B19-14E9-46C6-A3EC-F622A793F96B}.Release|Any CPU.Build.0 = Release|Any CPU
		{A9AA7B19-14E9-46C6-A3EC-F622A793F96B}.Release|Mixed Platforms.ActiveCfg = Release|Any CPU
		{A9AA7B19-14E9-46C6-A3EC-F622A793F96B}.Release|Mixed Platforms.Build.0 = Release|Any CPU
		{A9AA7B19-14E9-46C6-A3EC-F622A793F96B}.Release|x86.ActiveCfg = Release|Any CPU
		{A9AA7B19-14E9-46C6-A3EC-F622A793F96B}.Release|x86.Build.0 = Release|Any CPU
		{A9AA7B19-14E9-46C6-A3EC-F622A793F96B}.ReleaseSnk|.NET.ActiveCfg = Release|Any CPU
		{A9AA7B19-14E9-46C6-A3EC-F622A793F96B}.ReleaseSnk|.NET.Build.0 = Release|Any CPU
		{A9AA7B19-14E9-46C6-A3EC-F622A793F96B}.ReleaseSnk|Any CPU.ActiveCfg = Release|Any CPU
		{A9AA7B19-14E9-46C6-A3EC-F622A793F96B}.ReleaseSnk|Any CPU.Build.0 = Release|Any CPU
		{A9AA7B19-14E9-46C6-A3EC-F622A793F96B}.ReleaseSnk|Mixed Platforms.ActiveCfg = Release|Any CPU
		{A9AA7B19-14E9-46C6-A3EC-F622A793F96B}.ReleaseSnk|Mixed Platforms.Build.0 = Release|Any CPU
		{A9AA7B19-14E9-46C6-A3EC-F622A793F96B}.ReleaseSnk|x86.ActiveCfg = Release|Any CPU
		{A9AA7B19-14E9-46C6-A3EC-F622A793F96B}.ReleaseSnk|x86.Build.0 = Release|Any CPU
		{7B91275D-1FAF-45F4-8D48-27A03938DAFE}.Debug|.NET.ActiveCfg = Debug|Any CPU
		{7B91275D-1FAF-45F4-8D48-27A03938DAFE}.Debug|.NET.Build.0 = Debug|Any CPU
		{7B91275D-1FAF-45F4-8D48-27A03938DAFE}.Debug|Any CPU.ActiveCfg = Debug|Any CPU
		{7B91275D-1FAF-45F4-8D48-27A03938DAFE}.Debug|Any CPU.Build.0 = Debug|Any CPU
		{7B91275D-1FAF-45F4-8D48-27A03938DAFE}.Debug|Mixed Platforms.ActiveCfg = Debug|Any CPU
		{7B91275D-1FAF-45F4-8D48-27A03938DAFE}.Debug|Mixed Platforms.Build.0 = Debug|Any CPU
		{7B91275D-1FAF-45F4-8D48-27A03938DAFE}.Debug|x86.ActiveCfg = Debug|Any CPU
		{7B91275D-1FAF-45F4-8D48-27A03938DAFE}.Debug|x86.Build.0 = Debug|Any CPU
		{7B91275D-1FAF-45F4-8D48-27A03938DAFE}.DebugSnk|.NET.ActiveCfg = Debug|Any CPU
		{7B91275D-1FAF-45F4-8D48-27A03938DAFE}.DebugSnk|.NET.Build.0 = Debug|Any CPU
		{7B91275D-1FAF-45F4-8D48-27A03938DAFE}.DebugSnk|Any CPU.ActiveCfg = Debug|Any CPU
		{7B91275D-1FAF-45F4-8D48-27A03938DAFE}.DebugSnk|Any CPU.Build.0 = Debug|Any CPU
		{7B91275D-1FAF-45F4-8D48-27A03938DAFE}.DebugSnk|Mixed Platforms.ActiveCfg = Debug|Any CPU
		{7B91275D-1FAF-45F4-8D48-27A03938DAFE}.DebugSnk|Mixed Platforms.Build.0 = Debug|Any CPU
		{7B91275D-1FAF-45F4-8D48-27A03938DAFE}.DebugSnk|x86.ActiveCfg = Debug|Any CPU
		{7B91275D-1FAF-45F4-8D48-27A03938DAFE}.DebugSnk|x86.Build.0 = Debug|Any CPU
		{7B91275D-1FAF-45F4-8D48-27A03938DAFE}.Release|.NET.ActiveCfg = Release|Any CPU
		{7B91275D-1FAF-45F4-8D48-27A03938DAFE}.Release|.NET.Build.0 = Release|Any CPU
		{7B91275D-1FAF-45F4-8D48-27A03938DAFE}.Release|Any CPU.ActiveCfg = Release|Any CPU
		{7B91275D-1FAF-45F4-8D48-27A03938DAFE}.Release|Any CPU.Build.0 = Release|Any CPU
		{7B91275D-1FAF-45F4-8D48-27A03938DAFE}.Release|Mixed Platforms.ActiveCfg = Release|Any CPU
		{7B91275D-1FAF-45F4-8D48-27A03938DAFE}.Release|Mixed Platforms.Build.0 = Release|Any CPU
		{7B91275D-1FAF-45F4-8D48-27A03938DAFE}.Release|x86.ActiveCfg = Release|Any CPU
		{7B91275D-1FAF-45F4-8D48-27A03938DAFE}.Release|x86.Build.0 = Release|Any CPU
		{7B91275D-1FAF-45F4-8D48-27A03938DAFE}.ReleaseSnk|.NET.ActiveCfg = Release|Any CPU
		{7B91275D-1FAF-45F4-8D48-27A03938DAFE}.ReleaseSnk|.NET.Build.0 = Release|Any CPU
		{7B91275D-1FAF-45F4-8D48-27A03938DAFE}.ReleaseSnk|Any CPU.ActiveCfg = Release|Any CPU
		{7B91275D-1FAF-45F4-8D48-27A03938DAFE}.ReleaseSnk|Any CPU.Build.0 = Release|Any CPU
		{7B91275D-1FAF-45F4-8D48-27A03938DAFE}.ReleaseSnk|Mixed Platforms.ActiveCfg = Release|Any CPU
		{7B91275D-1FAF-45F4-8D48-27A03938DAFE}.ReleaseSnk|Mixed Platforms.Build.0 = Release|Any CPU
		{7B91275D-1FAF-45F4-8D48-27A03938DAFE}.ReleaseSnk|x86.ActiveCfg = Release|Any CPU
		{7B91275D-1FAF-45F4-8D48-27A03938DAFE}.ReleaseSnk|x86.Build.0 = Release|Any CPU
		{7B0AD1AF-DEA9-4770-9170-6CE31D98CFFA}.Debug|.NET.ActiveCfg = Debug|Any CPU
		{7B0AD1AF-DEA9-4770-9170-6CE31D98CFFA}.Debug|.NET.Build.0 = Debug|Any CPU
		{7B0AD1AF-DEA9-4770-9170-6CE31D98CFFA}.Debug|Any CPU.ActiveCfg = Debug|Any CPU
		{7B0AD1AF-DEA9-4770-9170-6CE31D98CFFA}.Debug|Any CPU.Build.0 = Debug|Any CPU
		{7B0AD1AF-DEA9-4770-9170-6CE31D98CFFA}.Debug|Mixed Platforms.ActiveCfg = Debug|Any CPU
		{7B0AD1AF-DEA9-4770-9170-6CE31D98CFFA}.Debug|Mixed Platforms.Build.0 = Debug|Any CPU
		{7B0AD1AF-DEA9-4770-9170-6CE31D98CFFA}.Debug|x86.ActiveCfg = Debug|Any CPU
		{7B0AD1AF-DEA9-4770-9170-6CE31D98CFFA}.Debug|x86.Build.0 = Debug|Any CPU
		{7B0AD1AF-DEA9-4770-9170-6CE31D98CFFA}.DebugSnk|.NET.ActiveCfg = Debug|Any CPU
		{7B0AD1AF-DEA9-4770-9170-6CE31D98CFFA}.DebugSnk|.NET.Build.0 = Debug|Any CPU
		{7B0AD1AF-DEA9-4770-9170-6CE31D98CFFA}.DebugSnk|Any CPU.ActiveCfg = Debug|Any CPU
		{7B0AD1AF-DEA9-4770-9170-6CE31D98CFFA}.DebugSnk|Any CPU.Build.0 = Debug|Any CPU
		{7B0AD1AF-DEA9-4770-9170-6CE31D98CFFA}.DebugSnk|Mixed Platforms.ActiveCfg = Debug|Any CPU
		{7B0AD1AF-DEA9-4770-9170-6CE31D98CFFA}.DebugSnk|Mixed Platforms.Build.0 = Debug|Any CPU
		{7B0AD1AF-DEA9-4770-9170-6CE31D98CFFA}.DebugSnk|x86.ActiveCfg = Debug|Any CPU
		{7B0AD1AF-DEA9-4770-9170-6CE31D98CFFA}.DebugSnk|x86.Build.0 = Debug|Any CPU
		{7B0AD1AF-DEA9-4770-9170-6CE31D98CFFA}.Release|.NET.ActiveCfg = Release|Any CPU
		{7B0AD1AF-DEA9-4770-9170-6CE31D98CFFA}.Release|.NET.Build.0 = Release|Any CPU
		{7B0AD1AF-DEA9-4770-9170-6CE31D98CFFA}.Release|Any CPU.ActiveCfg = Release|Any CPU
		{7B0AD1AF-DEA9-4770-9170-6CE31D98CFFA}.Release|Any CPU.Build.0 = Release|Any CPU
		{7B0AD1AF-DEA9-4770-9170-6CE31D98CFFA}.Release|Mixed Platforms.ActiveCfg = Release|Any CPU
		{7B0AD1AF-DEA9-4770-9170-6CE31D98CFFA}.Release|Mixed Platforms.Build.0 = Release|Any CPU
		{7B0AD1AF-DEA9-4770-9170-6CE31D98CFFA}.Release|x86.ActiveCfg = Release|Any CPU
		{7B0AD1AF-DEA9-4770-9170-6CE31D98CFFA}.Release|x86.Build.0 = Release|Any CPU
		{7B0AD1AF-DEA9-4770-9170-6CE31D98CFFA}.ReleaseSnk|.NET.ActiveCfg = Release|Any CPU
		{7B0AD1AF-DEA9-4770-9170-6CE31D98CFFA}.ReleaseSnk|.NET.Build.0 = Release|Any CPU
		{7B0AD1AF-DEA9-4770-9170-6CE31D98CFFA}.ReleaseSnk|Any CPU.ActiveCfg = Release|Any CPU
		{7B0AD1AF-DEA9-4770-9170-6CE31D98CFFA}.ReleaseSnk|Any CPU.Build.0 = Release|Any CPU
		{7B0AD1AF-DEA9-4770-9170-6CE31D98CFFA}.ReleaseSnk|Mixed Platforms.ActiveCfg = Release|Any CPU
		{7B0AD1AF-DEA9-4770-9170-6CE31D98CFFA}.ReleaseSnk|Mixed Platforms.Build.0 = Release|Any CPU
		{7B0AD1AF-DEA9-4770-9170-6CE31D98CFFA}.ReleaseSnk|x86.ActiveCfg = Release|Any CPU
		{7B0AD1AF-DEA9-4770-9170-6CE31D98CFFA}.ReleaseSnk|x86.Build.0 = Release|Any CPU
		{67FF7E7F-BC0E-41D3-B1DC-6DF34531415C}.Debug|.NET.ActiveCfg = Debug|Any CPU
		{67FF7E7F-BC0E-41D3-B1DC-6DF34531415C}.Debug|.NET.Build.0 = Debug|Any CPU
		{67FF7E7F-BC0E-41D3-B1DC-6DF34531415C}.Debug|Any CPU.ActiveCfg = Debug|Any CPU
		{67FF7E7F-BC0E-41D3-B1DC-6DF34531415C}.Debug|Any CPU.Build.0 = Debug|Any CPU
		{67FF7E7F-BC0E-41D3-B1DC-6DF34531415C}.Debug|Mixed Platforms.ActiveCfg = Debug|Any CPU
		{67FF7E7F-BC0E-41D3-B1DC-6DF34531415C}.Debug|Mixed Platforms.Build.0 = Debug|Any CPU
		{67FF7E7F-BC0E-41D3-B1DC-6DF34531415C}.Debug|x86.ActiveCfg = Debug|Any CPU
		{67FF7E7F-BC0E-41D3-B1DC-6DF34531415C}.Debug|x86.Build.0 = Debug|Any CPU
		{67FF7E7F-BC0E-41D3-B1DC-6DF34531415C}.DebugSnk|.NET.ActiveCfg = Debug|Any CPU
		{67FF7E7F-BC0E-41D3-B1DC-6DF34531415C}.DebugSnk|.NET.Build.0 = Debug|Any CPU
		{67FF7E7F-BC0E-41D3-B1DC-6DF34531415C}.DebugSnk|Any CPU.ActiveCfg = Debug|Any CPU
		{67FF7E7F-BC0E-41D3-B1DC-6DF34531415C}.DebugSnk|Any CPU.Build.0 = Debug|Any CPU
		{67FF7E7F-BC0E-41D3-B1DC-6DF34531415C}.DebugSnk|Mixed Platforms.ActiveCfg = Debug|Any CPU
		{67FF7E7F-BC0E-41D3-B1DC-6DF34531415C}.DebugSnk|Mixed Platforms.Build.0 = Debug|Any CPU
		{67FF7E7F-BC0E-41D3-B1DC-6DF34531415C}.DebugSnk|x86.ActiveCfg = Debug|Any CPU
		{67FF7E7F-BC0E-41D3-B1DC-6DF34531415C}.DebugSnk|x86.Build.0 = Debug|Any CPU
		{67FF7E7F-BC0E-41D3-B1DC-6DF34531415C}.Release|.NET.ActiveCfg = Release|Any CPU
		{67FF7E7F-BC0E-41D3-B1DC-6DF34531415C}.Release|.NET.Build.0 = Release|Any CPU
		{67FF7E7F-BC0E-41D3-B1DC-6DF34531415C}.Release|Any CPU.ActiveCfg = Release|Any CPU
		{67FF7E7F-BC0E-41D3-B1DC-6DF34531415C}.Release|Any CPU.Build.0 = Release|Any CPU
		{67FF7E7F-BC0E-41D3-B1DC-6DF34531415C}.Release|Mixed Platforms.ActiveCfg = Release|Any CPU
		{67FF7E7F-BC0E-41D3-B1DC-6DF34531415C}.Release|Mixed Platforms.Build.0 = Release|Any CPU
		{67FF7E7F-BC0E-41D3-B1DC-6DF34531415C}.Release|x86.ActiveCfg = Release|Any CPU
		{67FF7E7F-BC0E-41D3-B1DC-6DF34531415C}.Release|x86.Build.0 = Release|Any CPU
		{67FF7E7F-BC0E-41D3-B1DC-6DF34531415C}.ReleaseSnk|.NET.ActiveCfg = Release|Any CPU
		{67FF7E7F-BC0E-41D3-B1DC-6DF34531415C}.ReleaseSnk|.NET.Build.0 = Release|Any CPU
		{67FF7E7F-BC0E-41D3-B1DC-6DF34531415C}.ReleaseSnk|Any CPU.ActiveCfg = Release|Any CPU
		{67FF7E7F-BC0E-41D3-B1DC-6DF34531415C}.ReleaseSnk|Any CPU.Build.0 = Release|Any CPU
		{67FF7E7F-BC0E-41D3-B1DC-6DF34531415C}.ReleaseSnk|Mixed Platforms.ActiveCfg = Release|Any CPU
		{67FF7E7F-BC0E-41D3-B1DC-6DF34531415C}.ReleaseSnk|Mixed Platforms.Build.0 = Release|Any CPU
		{67FF7E7F-BC0E-41D3-B1DC-6DF34531415C}.ReleaseSnk|x86.ActiveCfg = Release|Any CPU
		{67FF7E7F-BC0E-41D3-B1DC-6DF34531415C}.ReleaseSnk|x86.Build.0 = Release|Any CPU
	EndGlobalSection
	GlobalSection(SolutionProperties) = preSolution
		HideSolutionNode = FALSE
	EndGlobalSection
	GlobalSection(ExtensibilityGlobals) = postSolution
		SolutionGuid = {4DB19A0E-6300-46B2-851A-1FB639ECDD0A}
	EndGlobalSection
EndGlobal
